
Microsoft Visual Studio Solution File, Format Version 12.00
# Visual Studio 15
VisualStudioVersion = 15.0.27703.2000
MinimumVisualStudioVersion = 10.0.40219.1
Project("{FAE04EC0-301F-11D3-BF4B-00C04F79EFBC}") = "Lab5", "Lab5\Lab5.csproj", "{045356B9-F484-407F-85F7-03FC53B8170F}"
EndProject
Global
	GlobalSection(SolutionConfigurationPlatforms) = preSolution
		Debug|Any CPU = Debug|Any CPU
		Release|Any CPU = Release|Any CPU
	EndGlobalSection
	GlobalSection(ProjectConfigurationPlatforms) = postSolution
		{045356B9-F484-407F-85F7-03FC53B8170F}.Debug|Any CPU.ActiveCfg = Debug|Any CPU
		{045356B9-F484-407F-85F7-03FC53B8170F}.Debug|Any CPU.Build.0 = Debug|Any CPU
		{045356B9-F484-407F-85F7-03FC53B8170F}.Release|Any CPU.ActiveCfg = Release|Any CPU
		{045356B9-F484-407F-85F7-03FC53B8170F}.Release|Any CPU.Build.0 = Release|Any CPU
	EndGlobalSection
	GlobalSection(SolutionProperties) = preSolution
		HideSolutionNode = FALSE
	EndGlobalSection
	GlobalSection(ExtensibilityGlobals) = postSolution
		SolutionGuid = {6CE31799-3D15-4752-B47C-1545FE3E021B}
	EndGlobalSection
EndGlobal
